
Microsoft Visual Studio Solution File, Format Version 12.00
# Visual Studio Version 16
VisualStudioVersion = 16.0.31321.278
MinimumVisualStudioVersion = 10.0.40219.1
Project("{FAE04EC0-301F-11D3-BF4B-00C04F79EFBC}") = "VirtualCreditCardsApi", "VirtualCreditCardsApi\VirtualCreditCardsApi.csproj", "{6C37484A-F2F8-42AD-9FAE-E1E104E1279B}"
EndProject
Global
	GlobalSection(SolutionConfigurationPlatforms) = preSolution
		Debug|Any CPU = Debug|Any CPU
		Release|Any CPU = Release|Any CPU
	EndGlobalSection
	GlobalSection(ProjectConfigurationPlatforms) = postSolution
		{6C37484A-F2F8-42AD-9FAE-E1E104E1279B}.Debug|Any CPU.ActiveCfg = Debug|Any CPU
		{6C37484A-F2F8-42AD-9FAE-E1E104E1279B}.Debug|Any CPU.Build.0 = Debug|Any CPU
		{6C37484A-F2F8-42AD-9FAE-E1E104E1279B}.Release|Any CPU.ActiveCfg = Release|Any CPU
		{6C37484A-F2F8-42AD-9FAE-E1E104E1279B}.Release|Any CPU.Build.0 = Release|Any CPU
	EndGlobalSection
	GlobalSection(SolutionProperties) = preSolution
		HideSolutionNode = FALSE
	EndGlobalSection
	GlobalSection(ExtensibilityGlobals) = postSolution
		SolutionGuid = {CEFAF741-BA16-41B9-81F1-C509112848B1}
	EndGlobalSection
EndGlobal
